
Microsoft Visual Studio Solution File, Format Version 11.00
# Visual Studio 2010
Project("{8BC9CEB8-8B4A-11D0-8D11-00A0C91BC942}") = "Server", "Server\Server.vcxproj", "{244F1889-074A-437D-AEE8-33F458DA85A1}"
	ProjectSection(ProjectDependencies) = postProject
		{26470E25-7DBB-4133-A0AE-0009C41FEA2B} = {26470E25-7DBB-4133-A0AE-0009C41FEA2B}
		{FB73D5CD-9955-42F7-BD92-91FDC008C71C} = {FB73D5CD-9955-42F7-BD92-91FDC008C71C}
	EndProjectSection
EndProject
Project("{8BC9CEB8-8B4A-11D0-8D11-00A0C91BC942}") = "Client", "Client\Client.vcxproj", "{A710623A-DB44-4513-BA25-A1637C8F2CE9}"
	ProjectSection(ProjectDependencies) = postProject
		{26470E25-7DBB-4133-A0AE-0009C41FEA2B} = {26470E25-7DBB-4133-A0AE-0009C41FEA2B}
	EndProjectSection
EndProject
Project("{8BC9CEB8-8B4A-11D0-8D11-00A0C91BC942}") = "Application", "Gui\Gui.vcxproj", "{FB73D5CD-9955-42F7-BD92-91FDC008C71C}"
	ProjectSection(ProjectDependencies) = postProject
		{26470E25-7DBB-4133-A0AE-0009C41FEA2B} = {26470E25-7DBB-4133-A0AE-0009C41FEA2B}
	EndProjectSection
EndProject
Project("{8BC9CEB8-8B4A-11D0-8D11-00A0C91BC942}") = "RenderEngine", "RenderEngine\RenderEngine.vcxproj", "{26470E25-7DBB-4133-A0AE-0009C41FEA2B}"
EndProject
Project("{8BC9CEB8-8B4A-11D0-8D11-00A0C91BC942}") = "Standalone", "Standalone\Standalone.vcxproj", "{442214DB-20C0-4DCB-AA5F-5B5359FF71CB}"
EndProject
Global
	GlobalSection(SolutionConfigurationPlatforms) = preSolution
		Debug|Mixed Platforms = Debug|Mixed Platforms
		Debug|Win32 = Debug|Win32
		Debug|x64 = Debug|x64
		Release|Mixed Platforms = Release|Mixed Platforms
		Release|Win32 = Release|Win32
		Release|x64 = Release|x64
	EndGlobalSection
	GlobalSection(ProjectConfigurationPlatforms) = postSolution
		{244F1889-074A-437D-AEE8-33F458DA85A1}.Debug|Mixed Platforms.ActiveCfg = Debug|Win32
		{244F1889-074A-437D-AEE8-33F458DA85A1}.Debug|Mixed Platforms.Build.0 = Debug|Win32
		{244F1889-074A-437D-AEE8-33F458DA85A1}.Debug|Win32.ActiveCfg = Debug|Win32
		{244F1889-074A-437D-AEE8-33F458DA85A1}.Debug|Win32.Build.0 = Debug|Win32
		{244F1889-074A-437D-AEE8-33F458DA85A1}.Debug|x64.ActiveCfg = Debug|x64
		{244F1889-074A-437D-AEE8-33F458DA85A1}.Debug|x64.Build.0 = Debug|x64
		{244F1889-074A-437D-AEE8-33F458DA85A1}.Release|Mixed Platforms.ActiveCfg = Release|Win32
		{244F1889-074A-437D-AEE8-33F458DA85A1}.Release|Mixed Platforms.Build.0 = Release|Win32
		{244F1889-074A-437D-AEE8-33F458DA85A1}.Release|Win32.ActiveCfg = Release|Win32
		{244F1889-074A-437D-AEE8-33F458DA85A1}.Release|Win32.Build.0 = Release|Win32
		{244F1889-074A-437D-AEE8-33F458DA85A1}.Release|x64.ActiveCfg = Release|Win32
		{A710623A-DB44-4513-BA25-A1637C8F2CE9}.Debug|Mixed Platforms.ActiveCfg = Debug|x64
		{A710623A-DB44-4513-BA25-A1637C8F2CE9}.Debug|Mixed Platforms.Build.0 = Debug|x64
		{A710623A-DB44-4513-BA25-A1637C8F2CE9}.Debug|Win32.ActiveCfg = Debug|Win32
		{A710623A-DB44-4513-BA25-A1637C8F2CE9}.Debug|Win32.Build.0 = Debug|Win32
		{A710623A-DB44-4513-BA25-A1637C8F2CE9}.Debug|x64.ActiveCfg = Debug|x64
		{A710623A-DB44-4513-BA25-A1637C8F2CE9}.Debug|x64.Build.0 = Debug|x64
		{A710623A-DB44-4513-BA25-A1637C8F2CE9}.Release|Mixed Platforms.ActiveCfg = Release|x64
		{A710623A-DB44-4513-BA25-A1637C8F2CE9}.Release|Mixed Platforms.Build.0 = Release|x64
		{A710623A-DB44-4513-BA25-A1637C8F2CE9}.Release|Win32.ActiveCfg = Release|Win32
		{A710623A-DB44-4513-BA25-A1637C8F2CE9}.Release|Win32.Build.0 = Release|Win32
		{A710623A-DB44-4513-BA25-A1637C8F2CE9}.Release|x64.ActiveCfg = Release|x64
		{A710623A-DB44-4513-BA25-A1637C8F2CE9}.Release|x64.Build.0 = Release|x64
		{FB73D5CD-9955-42F7-BD92-91FDC008C71C}.Debug|Mixed Platforms.ActiveCfg = Debug|x64
		{FB73D5CD-9955-42F7-BD92-91FDC008C71C}.Debug|Mixed Platforms.Build.0 = Debug|x64
		{FB73D5CD-9955-42F7-BD92-91FDC008C71C}.Debug|Win32.ActiveCfg = Debug|x64
		{FB73D5CD-9955-42F7-BD92-91FDC008C71C}.Debug|x64.ActiveCfg = Debug|x64
		{FB73D5CD-9955-42F7-BD92-91FDC008C71C}.Debug|x64.Build.0 = Debug|x64
		{FB73D5CD-9955-42F7-BD92-91FDC008C71C}.Release|Mixed Platforms.ActiveCfg = Debug|x64
		{FB73D5CD-9955-42F7-BD92-91FDC008C71C}.Release|Mixed Platforms.Build.0 = Debug|x64
		{FB73D5CD-9955-42F7-BD92-91FDC008C71C}.Release|Win32.ActiveCfg = Debug|x64
		{FB73D5CD-9955-42F7-BD92-91FDC008C71C}.Release|x64.ActiveCfg = Debug|x64
		{FB73D5CD-9955-42F7-BD92-91FDC008C71C}.Release|x64.Build.0 = Debug|x64
		{26470E25-7DBB-4133-A0AE-0009C41FEA2B}.Debug|Mixed Platforms.ActiveCfg = Debug|x64
		{26470E25-7DBB-4133-A0AE-0009C41FEA2B}.Debug|Mixed Platforms.Build.0 = Debug|x64
		{26470E25-7DBB-4133-A0AE-0009C41FEA2B}.Debug|Win32.ActiveCfg = Debug|x64
		{26470E25-7DBB-4133-A0AE-0009C41FEA2B}.Debug|x64.ActiveCfg = Debug|x64
		{26470E25-7DBB-4133-A0AE-0009C41FEA2B}.Debug|x64.Build.0 = Debug|x64
		{26470E25-7DBB-4133-A0AE-0009C41FEA2B}.Release|Mixed Platforms.ActiveCfg = Debug|x64
		{26470E25-7DBB-4133-A0AE-0009C41FEA2B}.Release|Mixed Platforms.Build.0 = Debug|x64
		{26470E25-7DBB-4133-A0AE-0009C41FEA2B}.Release|Win32.ActiveCfg = Debug|x64
		{26470E25-7DBB-4133-A0AE-0009C41FEA2B}.Release|x64.ActiveCfg = Debug|x64
		{26470E25-7DBB-4133-A0AE-0009C41FEA2B}.Release|x64.Build.0 = Debug|x64
		{442214DB-20C0-4DCB-AA5F-5B5359FF71CB}.Debug|Mixed Platforms.ActiveCfg = Debug|x64
		{442214DB-20C0-4DCB-AA5F-5B5359FF71CB}.Debug|Mixed Platforms.Build.0 = Debug|x64
		{442214DB-20C0-4DCB-AA5F-5B5359FF71CB}.Debug|Win32.ActiveCfg = Debug|Win32
		{442214DB-20C0-4DCB-AA5F-5B5359FF71CB}.Debug|Win32.Build.0 = Debug|Win32
		{442214DB-20C0-4DCB-AA5F-5B5359FF71CB}.Debug|x64.ActiveCfg = Debug|x64
		{442214DB-20C0-4DCB-AA5F-5B5359FF71CB}.Debug|x64.Build.0 = Debug|x64
		{442214DB-20C0-4DCB-AA5F-5B5359FF71CB}.Release|Mixed Platforms.ActiveCfg = Release|x64
		{442214DB-20C0-4DCB-AA5F-5B5359FF71CB}.Release|Mixed Platforms.Build.0 = Release|x64
		{442214DB-20C0-4DCB-AA5F-5B5359FF71CB}.Release|Win32.ActiveCfg = Release|Win32
		{442214DB-20C0-4DCB-AA5F-5B5359FF71CB}.Release|Win32.Build.0 = Release|Win32
		{442214DB-20C0-4DCB-AA5F-5B5359FF71CB}.Release|x64.ActiveCfg = Release|x64
		{442214DB-20C0-4DCB-AA5F-5B5359FF71CB}.Release|x64.Build.0 = Release|x64
	EndGlobalSection
	GlobalSection(SolutionProperties) = preSolution
		HideSolutionNode = FALSE
	EndGlobalSection
EndGlobal
