<?xml version="1.0" encoding="utf-8"?>
<Project ToolsVersion="4.0" xmlns="http://schemas.microsoft.com/developer/msbuild/2003">
  <ItemGroup>
    <Filter Include="gui">
      <UniqueIdentifier>{5cb8a90e-9084-42d3-8c21-4b79415d3ce1}</UniqueIdentifier>
    </Filter>
    <Filter Include="gui\.ui files">
      <UniqueIdentifier>{d91c7da3-42eb-4ae4-ab3c-a07fd492b96f}</UniqueIdentifier>
    </Filter>
    <Filter Include="gui\moc">
      <UniqueIdentifier>{64844c91-a6ae-4e56-b7b1-d86eb092e11c}</UniqueIdentifier>
    </Filter>
  </ItemGroup>
  <ItemGroup>
    <ClCompile Include="standalone.cpp" />
    <ClCompile Include="StandaloneRenderManager.cpp" />
    <ClCompile Include="StandaloneApplication.cpp" />
    <ClCompile Include="moc_StandaloneRenderManager.cpp" />
  </ItemGroup>
  <ItemGroup>
    <None Include="Standalone.vcxproj" />
  </ItemGroup>
  <ItemGroup>
    <ClInclude Include="StandaloneRenderManager.hxx" />
    <ClInclude Include="StandaloneApplication.h" />
  </ItemGroup>
</Project>