<?xml version="1.0" encoding="utf-8"?>
<Project ToolsVersion="4.0" xmlns="http://schemas.microsoft.com/developer/msbuild/2003">
  <ItemGroup>
    <None Include="Server.vcxproj" />
    <None Include="gui\ui\ServerWindow.ui" />
    <None Include="gui\ui\SetServerSettingsWidget.ui" />
    <None Include="gui\ui\WaitingForConnectionWidget.ui" />
    <None Include="gui\ReadyForRenderingWidget.hxx" />
  </ItemGroup>
  <ItemGroup>
    <ClCompile Include="gui\ServerWindow.cpp" />
    <ClCompile Include="gui\SetServerSettingsWidget.cpp" />
    <ClCompile Include="gui\WaitingForConnectionWidget.cpp" />
    <ClCompile Include="gui\ReadyForRenderingWidget.cpp" />
    <ClCompile Include="ServerState.cpp" />
    <ClCompile Include="gui\moc_ReadyForRenderingWidget.cpp" />
    <ClCompile Include="gui\moc_WaitingForConnectionWidget.cpp" />
    <ClCompile Include="gui\moc_ServerWindow.cpp" />
    <ClCompile Include="gui\moc_SetServerSettingsWidget.cpp" />
    <ClCompile Include="server\RenderServerState.cpp" />
    <ClCompile Include="server\RenderServer.cpp" />
    <ClCompile Include="server\moc_RenderServer.cpp" />
    <ClCompile Include="main.cpp" />
    <ClCompile Include="server\RenderServerRenderer.cpp" />
    <ClCompile Include="server\moc_RenderServerRenderer.cpp" />
  </ItemGroup>
  <ItemGroup>
    <ClInclude Include="gui\ui\ui_ServerWindow.h" />
    <ClInclude Include="gui\ui\ui_SetServerSettingsWidget.h" />
    <ClInclude Include="ServerState.h" />
    <ClInclude Include="gui\ServerWindow.hxx" />
    <ClInclude Include="gui\SetServerSettingsWidget.hxx" />
    <ClInclude Include="gui\WaitingForConnectionWidget.hxx" />
    <ClInclude Include="server\RenderServerState.h" />
    <ClInclude Include="server\RenderServer.hxx" />
    <ClInclude Include="server\RenderServerRenderer.hxx" />
  </ItemGroup>
</Project>