<?xml version="1.0" encoding="utf-8"?>
<Project ToolsVersion="4.0" xmlns="http://schemas.microsoft.com/developer/msbuild/2003">
  <ItemGroup>
    <None Include="Client.vcxproj" />
    <None Include="gui\docks\ui\ConnectedServersDock.ui" />
    <None Include="gui\dialogs\ui\AddNewServerConnectionDialog.ui" />
    <None Include="gui\docks\ui\RenderServersSummaryDock.ui" />
  </ItemGroup>
  <ItemGroup>
    <ClCompile Include="client.cpp" />
    <ClCompile Include="gui\ClientMainWindow.cpp" />
    <ClCompile Include="gui_models\ConnectedServersTableModel.cpp" />
    <ClCompile Include="gui\moc_ClientMainWindow.cpp" />
    <ClCompile Include="gui_models\moc_ConnectedServersTableModel.cpp" />
    <ClCompile Include="client\commands\ServerCommand.cpp" />
    <ClCompile Include="client\RenderServerConnection.cpp" />
    <ClCompile Include="client\RenderServerConnections.cpp" />
    <ClCompile Include="client\RenderServerState.cpp" />
    <ClCompile Include="client\moc_RenderServerConnections.cpp" />
    <ClCompile Include="client\moc_RenderServerConnection.cpp" />
    <ClCompile Include="gui\docks\ConnectedServersDock.cpp" />
    <ClCompile Include="gui\dialogs\AddNewServerConnectionDialog.cpp" />
    <ClCompile Include="gui\docks\RenderServersSummaryDock.cpp" />
    <ClCompile Include="gui\docks\moc_RenderServersSummaryDock.cpp" />
    <ClCompile Include="gui\docks\moc_ConnectedServersDock.cpp" />
    <ClCompile Include="gui\dialogs\moc_AddNewServerConnectionDialog.cpp" />
    <ClCompile Include="client\commands\ServerCommandResult.cpp" />
    <ClCompile Include="client\commands\GetServerDetailsCommand.cpp" />
    <ClCompile Include="client\moc_RenderResultPacketReceiver.cpp" />
    <ClCompile Include="client\RenderResultPacketReceiver.cpp" />
    <ClCompile Include="DistributedApplication.cpp" />
    <ClCompile Include="moc_DistributedApplication.cpp" />
  </ItemGroup>
  <ItemGroup>
    <ClInclude Include="gui_models\ConnectedServersTableModel.hxx" />
    <ClInclude Include="gui\ClientMainWindow.hxx" />
    <ClInclude Include="client\commands\ServerCommand.h" />
    <ClInclude Include="client\RenderServerState.h" />
    <ClInclude Include="client\RenderServerConnections.hxx" />
    <ClInclude Include="client\RenderServerConnection.hxx" />
    <ClInclude Include="gui\docks\ConnectedServersDock.hxx" />
    <ClInclude Include="gui\docks\ui\ui_ConnectedServersDock.h" />
    <ClInclude Include="gui\dialogs\AddNewServerConnectionDialog.hxx" />
    <ClInclude Include="gui\dialogs\ui\ui_addnewserverconnectiondialog.h" />
    <ClInclude Include="gui\docks\RenderServersSummaryDock.hxx" />
    <ClInclude Include="client\commands\ServerCommandResult.h" />
    <ClInclude Include="client\commands\GetServerDetailsCommand.h" />
    <ClInclude Include="client\RenderResultPacketReceiver.hxx" />
    <ClInclude Include="DistributedApplication.hxx" />
  </ItemGroup>
</Project>